
Microsoft Visual Studio Solution File, Format Version 12.00
# Visual Studio 2013
VisualStudioVersion = 12.0.40629.0
MinimumVisualStudioVersion = 10.0.40219.1
Project("{FAE04EC0-301F-11D3-BF4B-00C04F79EFBC}") = "SeleniumBasics", "SeleniumBasics\SeleniumBasics.csproj", "{3E9AAD69-0A5B-4BAA-8D5E-6E2550C8BFD7}"
EndProject
Project("{2150E333-8FDC-42A3-9474-1A3956D46DE8}") = ".nuget", ".nuget", "{0102CF96-EBFC-4C22-B417-A905D3690410}"
	ProjectSection(SolutionItems) = preProject
		.nuget\packages.config = .nuget\packages.config
	EndProjectSection
EndProject
Global
	GlobalSection(SolutionConfigurationPlatforms) = preSolution
		Debug|Any CPU = Debug|Any CPU
		Release|Any CPU = Release|Any CPU
	EndGlobalSection
	GlobalSection(ProjectConfigurationPlatforms) = postSolution
		{3E9AAD69-0A5B-4BAA-8D5E-6E2550C8BFD7}.Debug|Any CPU.ActiveCfg = Debug|Any CPU
		{3E9AAD69-0A5B-4BAA-8D5E-6E2550C8BFD7}.Debug|Any CPU.Build.0 = Debug|Any CPU
		{3E9AAD69-0A5B-4BAA-8D5E-6E2550C8BFD7}.Release|Any CPU.ActiveCfg = Release|Any CPU
		{3E9AAD69-0A5B-4BAA-8D5E-6E2550C8BFD7}.Release|Any CPU.Build.0 = Release|Any CPU
	EndGlobalSection
	GlobalSection(SolutionProperties) = preSolution
		HideSolutionNode = FALSE
	EndGlobalSection
EndGlobal
